
Microsoft Visual Studio Solution File, Format Version 12.00
# Visual Studio Version 16
VisualStudioVersion = 16.0.31112.23
MinimumVisualStudioVersion = 10.0.40219.1
Project("{FAE04EC0-301F-11D3-BF4B-00C04F79EFBC}") = "SerilogAppConfigNet4x", "SerilogAppConfigNet4x\SerilogAppConfigNet4x.csproj", "{6A2B2379-565B-48C1-976D-5411D14360C9}"
EndProject
Project("{FAE04EC0-301F-11D3-BF4B-00C04F79EFBC}") = "SerilogM.E.C", "SerilogM.E.C\SerilogM.E.C.csproj", "{A8102251-0E22-4447-9700-4FC8A2E4A610}"
EndProject
Global
	GlobalSection(SolutionConfigurationPlatforms) = preSolution
		Debug|Any CPU = Debug|Any CPU
		Release|Any CPU = Release|Any CPU
	EndGlobalSection
	GlobalSection(ProjectConfigurationPlatforms) = postSolution
		{6A2B2379-565B-48C1-976D-5411D14360C9}.Debug|Any CPU.ActiveCfg = Debug|Any CPU
		{6A2B2379-565B-48C1-976D-5411D14360C9}.Debug|Any CPU.Build.0 = Debug|Any CPU
		{6A2B2379-565B-48C1-976D-5411D14360C9}.Release|Any CPU.ActiveCfg = Release|Any CPU
		{6A2B2379-565B-48C1-976D-5411D14360C9}.Release|Any CPU.Build.0 = Release|Any CPU
		{A8102251-0E22-4447-9700-4FC8A2E4A610}.Debug|Any CPU.ActiveCfg = Debug|Any CPU
		{A8102251-0E22-4447-9700-4FC8A2E4A610}.Debug|Any CPU.Build.0 = Debug|Any CPU
		{A8102251-0E22-4447-9700-4FC8A2E4A610}.Release|Any CPU.ActiveCfg = Release|Any CPU
		{A8102251-0E22-4447-9700-4FC8A2E4A610}.Release|Any CPU.Build.0 = Release|Any CPU
	EndGlobalSection
	GlobalSection(SolutionProperties) = preSolution
		HideSolutionNode = FALSE
	EndGlobalSection
	GlobalSection(ExtensibilityGlobals) = postSolution
		SolutionGuid = {1DF83CAF-DD90-4B78-BFF3-B463967B2F3B}
	EndGlobalSection
EndGlobal
